
Microsoft Visual Studio Solution File, Format Version 12.00
# Visual Studio Version 16
VisualStudioVersion = 16.0.31105.61
MinimumVisualStudioVersion = 10.0.40219.1
Project("{FAE04EC0-301F-11D3-BF4B-00C04F79EFBC}") = "TheodorGame", "TheodorGame.csproj", "{742051FD-34F4-4DBD-8996-B261E89EC305}"
EndProject
Global
	GlobalSection(SolutionConfigurationPlatforms) = preSolution
		Debug|Any CPU = Debug|Any CPU
		Release|Any CPU = Release|Any CPU
	EndGlobalSection
	GlobalSection(ProjectConfigurationPlatforms) = postSolution
		{742051FD-34F4-4DBD-8996-B261E89EC305}.Debug|Any CPU.ActiveCfg = Debug|Any CPU
		{742051FD-34F4-4DBD-8996-B261E89EC305}.Debug|Any CPU.Build.0 = Debug|Any CPU
		{742051FD-34F4-4DBD-8996-B261E89EC305}.Release|Any CPU.ActiveCfg = Release|Any CPU
		{742051FD-34F4-4DBD-8996-B261E89EC305}.Release|Any CPU.Build.0 = Release|Any CPU
	EndGlobalSection
	GlobalSection(SolutionProperties) = preSolution
		HideSolutionNode = FALSE
	EndGlobalSection
	GlobalSection(ExtensibilityGlobals) = postSolution
		SolutionGuid = {99CB5C16-C91E-4BB5-81FA-DC589FD10E81}
	EndGlobalSection
EndGlobal
